// !$*UTF8*$!
{
	archiveVersion = 1;
	classes = {
	};
	objectVersion = 46;
	objects = {

/* Begin PBXBuildFile section */
		0489EAA21EAFB03400BB4820 /* main.m in Sources */ = {isa = PBXBuildFile; fileRef = 0489EAA11EAFB03400BB4820 /* main.m */; };
		0489EAA51EAFB03400BB4820 /* AppDelegate.m in Sources */ = {isa = PBXBuildFile; fileRef = 0489EAA41EAFB03400BB4820 /* AppDelegate.m */; };
		0489EAA81EAFB03400BB4820 /* ViewController.m in Sources */ = {isa = PBXBuildFile; fileRef = 0489EAA71EAFB03400BB4820 /* ViewController.m */; };
		0489EAAB1EAFB03400BB4820 /* Main.storyboard in Resources */ = {isa = PBXBuildFile; fileRef = 0489EAA91EAFB03400BB4820 /* Main.storyboard */; };
		0489EAAD1EAFB03400BB4820 /* Assets.xcassets in Resources */ = {isa = PBXBuildFile; fileRef = 0489EAAC1EAFB03400BB4820 /* Assets.xcassets */; };
		0489EAB01EAFB03400BB4820 /* LaunchScreen.storyboard in Resources */ = {isa = PBXBuildFile; fileRef = 0489EAAE1EAFB03400BB4820 /* LaunchScreen.storyboard */; };
		0489EABB1EAFB03400BB4820 /* ContactsBookTests.m in Sources */ = {isa = PBXBuildFile; fileRef = 0489EABA1EAFB03400BB4820 /* ContactsBookTests.m */; };
		0489EAC61EAFB0C800BB4820 /* Masonry.framework in Frameworks */ = {isa = PBXBuildFile; fileRef = 0489EAC51EAFB0C800BB4820 /* Masonry.framework */; };
		0489EAC71EAFB0C800BB4820 /* Masonry.framework in Embed Frameworks */ = {isa = PBXBuildFile; fileRef = 0489EAC51EAFB0C800BB4820 /* Masonry.framework */; settings = {ATTRIBUTES = (CodeSignOnCopy, RemoveHeadersOnCopy, ); }; };
		0489EACB1EAFB51B00BB4820 /* CBACell.m in Sources */ = {isa = PBXBuildFile; fileRef = 0489EACA1EAFB51B00BB4820 /* CBACell.m */; };
		0489EACE1EAFCC5200BB4820 /* DetailInformation.m in Sources */ = {isa = PBXBuildFile; fileRef = 0489EACD1EAFCC5200BB4820 /* DetailInformation.m */; };
		1479E7DD1EC0F056008836FA /* CBAFacebookDataBase.m in Sources */ = {isa = PBXBuildFile; fileRef = 1479E7DC1EC0F056008836FA /* CBAFacebookDataBase.m */; };
		1479E7E21EC11DA7008836FA /* Bolts.framework in Frameworks */ = {isa = PBXBuildFile; fileRef = 1479E7DE1EC11DA7008836FA /* Bolts.framework */; };
		1479E7E31EC11DA7008836FA /* FBSDKCoreKit.framework in Frameworks */ = {isa = PBXBuildFile; fileRef = 1479E7DF1EC11DA7008836FA /* FBSDKCoreKit.framework */; };
		1479E7E41EC11DA7008836FA /* FBSDKLoginKit.framework in Frameworks */ = {isa = PBXBuildFile; fileRef = 1479E7E01EC11DA7008836FA /* FBSDKLoginKit.framework */; };
		1479E7E51EC11DA7008836FA /* FBSDKShareKit.framework in Frameworks */ = {isa = PBXBuildFile; fileRef = 1479E7E11EC11DA7008836FA /* FBSDKShareKit.framework */; };
		1479E7E81EC133FF008836FA /* CBAFaceBookViewController.m in Sources */ = {isa = PBXBuildFile; fileRef = 1479E7E71EC133FF008836FA /* CBAFaceBookViewController.m */; };
		1479E7EC1EC137B4008836FA /* CBANavigation.m in Sources */ = {isa = PBXBuildFile; fileRef = 1479E7EB1EC137B4008836FA /* CBANavigation.m */; };
		1482A8D91EBB190E002A0010 /* AddressBook.framework in Frameworks */ = {isa = PBXBuildFile; fileRef = 1482A8D71EBB190E002A0010 /* AddressBook.framework */; };
		1482A8DA1EBB190E002A0010 /* AddressBookUI.framework in Frameworks */ = {isa = PBXBuildFile; fileRef = 1482A8D81EBB190E002A0010 /* AddressBookUI.framework */; };
		1482A8DD1EBB1A74002A0010 /* CBAContactsBookDataBase.m in Sources */ = {isa = PBXBuildFile; fileRef = 1482A8DC1EBB1A74002A0010 /* CBAContactsBookDataBase.m */; };
		14CD7F1C1EB2533200A460D8 /* CBAContact.m in Sources */ = {isa = PBXBuildFile; fileRef = 14CD7F151EB2533200A460D8 /* CBAContact.m */; };
		14CD7F1D1EB2533200A460D8 /* CBAContactList.m in Sources */ = {isa = PBXBuildFile; fileRef = 14CD7F171EB2533200A460D8 /* CBAContactList.m */; };
		14CD7F1E1EB2533200A460D8 /* contacts.json in Resources */ = {isa = PBXBuildFile; fileRef = 14CD7F181EB2533200A460D8 /* contacts.json */; };
		14CD7F1F1EB2533200A460D8 /* CBAJsonDataBase.m in Sources */ = {isa = PBXBuildFile; fileRef = 14CD7F1B1EB2533200A460D8 /* CBAJsonDataBase.m */; };
		14CD7F301EB26DC100A460D8 /* CBANetworkDataBase.m in Sources */ = {isa = PBXBuildFile; fileRef = 14CD7F2F1EB26DC100A460D8 /* CBANetworkDataBase.m */; };
		14CD7F331EB271EC00A460D8 /* VKVMainViewController.m in Sources */ = {isa = PBXBuildFile; fileRef = 14CD7F321EB271EC00A460D8 /* VKVMainViewController.m */; };
		14CD7F371EB2780200A460D8 /* CBAImage.m in Sources */ = {isa = PBXBuildFile; fileRef = 14CD7F361EB2780200A460D8 /* CBAImage.m */; };
		14CD7F3D1EB2AF4B00A460D8 /* CBAPathFileJsonDataBase.m in Sources */ = {isa = PBXBuildFile; fileRef = 14CD7F3C1EB2AF4B00A460D8 /* CBAPathFileJsonDataBase.m */; };
/* End PBXBuildFile section */

/* Begin PBXContainerItemProxy section */
		0489EAB71EAFB03400BB4820 /* PBXContainerItemProxy */ = {
			isa = PBXContainerItemProxy;
			containerPortal = 0489EA951EAFB03400BB4820 /* Project object */;
			proxyType = 1;
			remoteGlobalIDString = 0489EA9C1EAFB03400BB4820;
			remoteInfo = ContactsBook;
		};
/* End PBXContainerItemProxy section */

/* Begin PBXCopyFilesBuildPhase section */
		0489EAC81EAFB0C800BB4820 /* Embed Frameworks */ = {
			isa = PBXCopyFilesBuildPhase;
			buildActionMask = 2147483647;
			dstPath = "";
			dstSubfolderSpec = 10;
			files = (
				0489EAC71EAFB0C800BB4820 /* Masonry.framework in Embed Frameworks */,
			);
			name = "Embed Frameworks";
			runOnlyForDeploymentPostprocessing = 0;
		};
/* End PBXCopyFilesBuildPhase section */

/* Begin PBXFileReference section */
		0489EA9D1EAFB03400BB4820 /* ContactsBook.app */ = {isa = PBXFileReference; explicitFileType = wrapper.application; includeInIndex = 0; path = ContactsBook.app; sourceTree = BUILT_PRODUCTS_DIR; };
		0489EAA11EAFB03400BB4820 /* main.m */ = {isa = PBXFileReference; lastKnownFileType = sourcecode.c.objc; path = main.m; sourceTree = "<group>"; };
		0489EAA31EAFB03400BB4820 /* AppDelegate.h */ = {isa = PBXFileReference; lastKnownFileType = sourcecode.c.h; path = AppDelegate.h; sourceTree = "<group>"; };
		0489EAA41EAFB03400BB4820 /* AppDelegate.m */ = {isa = PBXFileReference; lastKnownFileType = sourcecode.c.objc; path = AppDelegate.m; sourceTree = "<group>"; };
		0489EAA61EAFB03400BB4820 /* ViewController.h */ = {isa = PBXFileReference; lastKnownFileType = sourcecode.c.h; path = ViewController.h; sourceTree = "<group>"; };
		0489EAA71EAFB03400BB4820 /* ViewController.m */ = {isa = PBXFileReference; lastKnownFileType = sourcecode.c.objc; path = ViewController.m; sourceTree = "<group>"; };
		0489EAAA1EAFB03400BB4820 /* Base */ = {isa = PBXFileReference; lastKnownFileType = file.storyboard; name = Base; path = Base.lproj/Main.storyboard; sourceTree = "<group>"; };
		0489EAAC1EAFB03400BB4820 /* Assets.xcassets */ = {isa = PBXFileReference; lastKnownFileType = folder.assetcatalog; path = Assets.xcassets; sourceTree = "<group>"; };
		0489EAAF1EAFB03400BB4820 /* Base */ = {isa = PBXFileReference; lastKnownFileType = file.storyboard; name = Base; path = Base.lproj/LaunchScreen.storyboard; sourceTree = "<group>"; };
		0489EAB11EAFB03400BB4820 /* Info.plist */ = {isa = PBXFileReference; lastKnownFileType = text.plist.xml; path = Info.plist; sourceTree = "<group>"; };
		0489EAB61EAFB03400BB4820 /* ContactsBookTests.xctest */ = {isa = PBXFileReference; explicitFileType = wrapper.cfbundle; includeInIndex = 0; path = ContactsBookTests.xctest; sourceTree = BUILT_PRODUCTS_DIR; };
		0489EABA1EAFB03400BB4820 /* ContactsBookTests.m */ = {isa = PBXFileReference; lastKnownFileType = sourcecode.c.objc; path = ContactsBookTests.m; sourceTree = "<group>"; };
		0489EABC1EAFB03400BB4820 /* Info.plist */ = {isa = PBXFileReference; lastKnownFileType = text.plist.xml; path = Info.plist; sourceTree = "<group>"; };
		0489EAC51EAFB0C800BB4820 /* Masonry.framework */ = {isa = PBXFileReference; lastKnownFileType = wrapper.framework; path = Masonry.framework; sourceTree = "<group>"; };
		0489EAC91EAFB51B00BB4820 /* CBACell.h */ = {isa = PBXFileReference; fileEncoding = 4; lastKnownFileType = sourcecode.c.h; path = CBACell.h; sourceTree = "<group>"; };
		0489EACA1EAFB51B00BB4820 /* CBACell.m */ = {isa = PBXFileReference; fileEncoding = 4; lastKnownFileType = sourcecode.c.objc; path = CBACell.m; sourceTree = "<group>"; };
		0489EACC1EAFCC5200BB4820 /* DetailInformation.h */ = {isa = PBXFileReference; fileEncoding = 4; lastKnownFileType = sourcecode.c.h; path = DetailInformation.h; sourceTree = "<group>"; };
		0489EACD1EAFCC5200BB4820 /* DetailInformation.m */ = {isa = PBXFileReference; fileEncoding = 4; lastKnownFileType = sourcecode.c.objc; path = DetailInformation.m; sourceTree = "<group>"; };
		1479E7DB1EC0F056008836FA /* CBAFacebookDataBase.h */ = {isa = PBXFileReference; fileEncoding = 4; lastKnownFileType = sourcecode.c.h; path = CBAFacebookDataBase.h; sourceTree = "<group>"; };
		1479E7DC1EC0F056008836FA /* CBAFacebookDataBase.m */ = {isa = PBXFileReference; fileEncoding = 4; lastKnownFileType = sourcecode.c.objc; path = CBAFacebookDataBase.m; sourceTree = "<group>"; };
		1479E7DE1EC11DA7008836FA /* Bolts.framework */ = {isa = PBXFileReference; lastKnownFileType = wrapper.framework; path = Bolts.framework; sourceTree = "<group>"; };
		1479E7DF1EC11DA7008836FA /* FBSDKCoreKit.framework */ = {isa = PBXFileReference; lastKnownFileType = wrapper.framework; path = FBSDKCoreKit.framework; sourceTree = "<group>"; };
		1479E7E01EC11DA7008836FA /* FBSDKLoginKit.framework */ = {isa = PBXFileReference; lastKnownFileType = wrapper.framework; path = FBSDKLoginKit.framework; sourceTree = "<group>"; };
		1479E7E11EC11DA7008836FA /* FBSDKShareKit.framework */ = {isa = PBXFileReference; lastKnownFileType = wrapper.framework; path = FBSDKShareKit.framework; sourceTree = "<group>"; };
		1479E7E61EC133FF008836FA /* CBAFaceBookViewController.h */ = {isa = PBXFileReference; fileEncoding = 4; lastKnownFileType = sourcecode.c.h; path = CBAFaceBookViewController.h; sourceTree = "<group>"; };
		1479E7E71EC133FF008836FA /* CBAFaceBookViewController.m */ = {isa = PBXFileReference; fileEncoding = 4; lastKnownFileType = sourcecode.c.objc; path = CBAFaceBookViewController.m; sourceTree = "<group>"; };
		1479E7EA1EC137B4008836FA /* CBANavigation.h */ = {isa = PBXFileReference; fileEncoding = 4; lastKnownFileType = sourcecode.c.h; path = CBANavigation.h; sourceTree = "<group>"; };
		1479E7EB1EC137B4008836FA /* CBANavigation.m */ = {isa = PBXFileReference; fileEncoding = 4; lastKnownFileType = sourcecode.c.objc; path = CBANavigation.m; sourceTree = "<group>"; };
		1482A8D71EBB190E002A0010 /* AddressBook.framework */ = {isa = PBXFileReference; lastKnownFileType = wrapper.framework; name = AddressBook.framework; path = System/Library/Frameworks/AddressBook.framework; sourceTree = SDKROOT; };
		1482A8D81EBB190E002A0010 /* AddressBookUI.framework */ = {isa = PBXFileReference; lastKnownFileType = wrapper.framework; name = AddressBookUI.framework; path = System/Library/Frameworks/AddressBookUI.framework; sourceTree = SDKROOT; };
		1482A8DB1EBB1A74002A0010 /* CBAContactsBookDataBase.h */ = {isa = PBXFileReference; fileEncoding = 4; lastKnownFileType = sourcecode.c.h; path = CBAContactsBookDataBase.h; sourceTree = "<group>"; };
		1482A8DC1EBB1A74002A0010 /* CBAContactsBookDataBase.m */ = {isa = PBXFileReference; fileEncoding = 4; lastKnownFileType = sourcecode.c.objc; path = CBAContactsBookDataBase.m; sourceTree = "<group>"; };
		14CD7F141EB2533200A460D8 /* CBAContact.h */ = {isa = PBXFileReference; fileEncoding = 4; lastKnownFileType = sourcecode.c.h; path = CBAContact.h; sourceTree = "<group>"; };
		14CD7F151EB2533200A460D8 /* CBAContact.m */ = {isa = PBXFileReference; fileEncoding = 4; lastKnownFileType = sourcecode.c.objc; path = CBAContact.m; sourceTree = "<group>"; };
		14CD7F161EB2533200A460D8 /* CBAContactList.h */ = {isa = PBXFileReference; fileEncoding = 4; lastKnownFileType = sourcecode.c.h; path = CBAContactList.h; sourceTree = "<group>"; };
		14CD7F171EB2533200A460D8 /* CBAContactList.m */ = {isa = PBXFileReference; fileEncoding = 4; lastKnownFileType = sourcecode.c.objc; path = CBAContactList.m; sourceTree = "<group>"; };
		14CD7F181EB2533200A460D8 /* contacts.json */ = {isa = PBXFileReference; fileEncoding = 4; lastKnownFileType = text.json; path = contacts.json; sourceTree = "<group>"; };
		14CD7F191EB2533200A460D8 /* CBADataBaseDriver.h */ = {isa = PBXFileReference; fileEncoding = 4; lastKnownFileType = sourcecode.c.h; path = CBADataBaseDriver.h; sourceTree = "<group>"; };
		14CD7F1A1EB2533200A460D8 /* CBAJsonDataBase.h */ = {isa = PBXFileReference; fileEncoding = 4; lastKnownFileType = sourcecode.c.h; path = CBAJsonDataBase.h; sourceTree = "<group>"; };
		14CD7F1B1EB2533200A460D8 /* CBAJsonDataBase.m */ = {isa = PBXFileReference; fileEncoding = 4; lastKnownFileType = sourcecode.c.objc; path = CBAJsonDataBase.m; sourceTree = "<group>"; };
		14CD7F2E1EB26DC100A460D8 /* CBANetworkDataBase.h */ = {isa = PBXFileReference; fileEncoding = 4; lastKnownFileType = sourcecode.c.h; path = CBANetworkDataBase.h; sourceTree = "<group>"; };
		14CD7F2F1EB26DC100A460D8 /* CBANetworkDataBase.m */ = {isa = PBXFileReference; fileEncoding = 4; lastKnownFileType = sourcecode.c.objc; path = CBANetworkDataBase.m; sourceTree = "<group>"; };
		14CD7F311EB271EC00A460D8 /* VKVMainViewController.h */ = {isa = PBXFileReference; fileEncoding = 4; lastKnownFileType = sourcecode.c.h; path = VKVMainViewController.h; sourceTree = "<group>"; };
		14CD7F321EB271EC00A460D8 /* VKVMainViewController.m */ = {isa = PBXFileReference; fileEncoding = 4; lastKnownFileType = sourcecode.c.objc; path = VKVMainViewController.m; sourceTree = "<group>"; };
		14CD7F351EB2780200A460D8 /* CBAImage.h */ = {isa = PBXFileReference; fileEncoding = 4; lastKnownFileType = sourcecode.c.h; path = CBAImage.h; sourceTree = "<group>"; };
		14CD7F361EB2780200A460D8 /* CBAImage.m */ = {isa = PBXFileReference; fileEncoding = 4; lastKnownFileType = sourcecode.c.objc; path = CBAImage.m; sourceTree = "<group>"; };
		14CD7F3B1EB2AF4B00A460D8 /* CBAPathFileJsonDataBase.h */ = {isa = PBXFileReference; fileEncoding = 4; lastKnownFileType = sourcecode.c.h; path = CBAPathFileJsonDataBase.h; sourceTree = "<group>"; };
		14CD7F3C1EB2AF4B00A460D8 /* CBAPathFileJsonDataBase.m */ = {isa = PBXFileReference; fileEncoding = 4; lastKnownFileType = sourcecode.c.objc; path = CBAPathFileJsonDataBase.m; sourceTree = "<group>"; };
/* End PBXFileReference section */

/* Begin PBXFrameworksBuildPhase section */
		0489EA9A1EAFB03400BB4820 /* Frameworks */ = {
			isa = PBXFrameworksBuildPhase;
			buildActionMask = 2147483647;
			files = (
				1479E7E31EC11DA7008836FA /* FBSDKCoreKit.framework in Frameworks */,
				1482A8D91EBB190E002A0010 /* AddressBook.framework in Frameworks */,
				1479E7E41EC11DA7008836FA /* FBSDKLoginKit.framework in Frameworks */,
				1479E7E51EC11DA7008836FA /* FBSDKShareKit.framework in Frameworks */,
				1482A8DA1EBB190E002A0010 /* AddressBookUI.framework in Frameworks */,
				0489EAC61EAFB0C800BB4820 /* Masonry.framework in Frameworks */,
				1479E7E21EC11DA7008836FA /* Bolts.framework in Frameworks */,
			);
			runOnlyForDeploymentPostprocessing = 0;
		};
		0489EAB31EAFB03400BB4820 /* Frameworks */ = {
			isa = PBXFrameworksBuildPhase;
			buildActionMask = 2147483647;
			files = (
			);
			runOnlyForDeploymentPostprocessing = 0;
		};
/* End PBXFrameworksBuildPhase section */

/* Begin PBXGroup section */
		0489EA941EAFB03400BB4820 = {
			isa = PBXGroup;
			children = (
				0489EA9F1EAFB03400BB4820 /* ContactsBook */,
				0489EAB91EAFB03400BB4820 /* ContactsBookTests */,
				0489EA9E1EAFB03400BB4820 /* Products */,
				0489EAC51EAFB0C800BB4820 /* Masonry.framework */,
				1482A8D61EBB190D002A0010 /* Frameworks */,
			);
			sourceTree = "<group>";
		};
		0489EA9E1EAFB03400BB4820 /* Products */ = {
			isa = PBXGroup;
			children = (
				0489EA9D1EAFB03400BB4820 /* ContactsBook.app */,
				0489EAB61EAFB03400BB4820 /* ContactsBookTests.xctest */,
			);
			name = Products;
			sourceTree = "<group>";
		};
		0489EA9F1EAFB03400BB4820 /* ContactsBook */ = {
			isa = PBXGroup;
			children = (
				14CD7F231EB2536300A460D8 /* Model */,
				14CD7F3A1EB2AACD00A460D8 /* View */,
				0489EAA91EAFB03400BB4820 /* Main.storyboard */,
				0489EAAC1EAFB03400BB4820 /* Assets.xcassets */,
				0489EAAE1EAFB03400BB4820 /* LaunchScreen.storyboard */,
				0489EAB11EAFB03400BB4820 /* Info.plist */,
				0489EAA01EAFB03400BB4820 /* Supporting Files */,
			);
			path = ContactsBook;
			sourceTree = "<group>";
		};
		0489EAA01EAFB03400BB4820 /* Supporting Files */ = {
			isa = PBXGroup;
			children = (
				0489EAA11EAFB03400BB4820 /* main.m */,
			);
			name = "Supporting Files";
			sourceTree = "<group>";
		};
		0489EAB91EAFB03400BB4820 /* ContactsBookTests */ = {
			isa = PBXGroup;
			children = (
				0489EABA1EAFB03400BB4820 /* ContactsBookTests.m */,
				0489EABC1EAFB03400BB4820 /* Info.plist */,
			);
			path = ContactsBookTests;
			sourceTree = "<group>";
		};
		1479E7D71EC0EB4F008836FA /* Device contacts */ = {
			isa = PBXGroup;
			children = (
				1482A8DB1EBB1A74002A0010 /* CBAContactsBookDataBase.h */,
				1482A8DC1EBB1A74002A0010 /* CBAContactsBookDataBase.m */,
			);
			name = "Device contacts";
			sourceTree = "<group>";
		};
		1479E7D81EC0EB65008836FA /* Simple JSON */ = {
			isa = PBXGroup;
			children = (
				14CD7F3B1EB2AF4B00A460D8 /* CBAPathFileJsonDataBase.h */,
				14CD7F3C1EB2AF4B00A460D8 /* CBAPathFileJsonDataBase.m */,
			);
			name = "Simple JSON";
			sourceTree = "<group>";
		};
		1479E7D91EC0EB7D008836FA /* VK */ = {
			isa = PBXGroup;
			children = (
				14CD7F2E1EB26DC100A460D8 /* CBANetworkDataBase.h */,
				14CD7F2F1EB26DC100A460D8 /* CBANetworkDataBase.m */,
			);
			name = VK;
			sourceTree = "<group>";
		};
		1479E7DA1EC0EB88008836FA /* JSON parser */ = {
			isa = PBXGroup;
			children = (
				14CD7F1A1EB2533200A460D8 /* CBAJsonDataBase.h */,
				14CD7F1B1EB2533200A460D8 /* CBAJsonDataBase.m */,
			);
			name = "JSON parser";
			sourceTree = "<group>";
		};
		1479E7E91EC1342C008836FA /* FB web page */ = {
			isa = PBXGroup;
			children = (
				1479E7E61EC133FF008836FA /* CBAFaceBookViewController.h */,
				1479E7E71EC133FF008836FA /* CBAFaceBookViewController.m */,
			);
			name = "FB web page";
			sourceTree = "<group>";
		};
		1479E7ED1EC137C0008836FA /* Table with database */ = {
			isa = PBXGroup;
			children = (
				0489EAA61EAFB03400BB4820 /* ViewController.h */,
				0489EAA71EAFB03400BB4820 /* ViewController.m */,
			);
			name = "Table with database";
			sourceTree = "<group>";
		};
		1479E7EE1EC47A0F008836FA /* Facebook */ = {
			isa = PBXGroup;
			children = (
				1479E7DB1EC0F056008836FA /* CBAFacebookDataBase.h */,
				1479E7DC1EC0F056008836FA /* CBAFacebookDataBase.m */,
			);
			name = Facebook;
			sourceTree = "<group>";
		};
		1482A8D61EBB190D002A0010 /* Frameworks */ = {
			isa = PBXGroup;
			children = (
				1479E7DE1EC11DA7008836FA /* Bolts.framework */,
				1479E7DF1EC11DA7008836FA /* FBSDKCoreKit.framework */,
				1479E7E01EC11DA7008836FA /* FBSDKLoginKit.framework */,
				1479E7E11EC11DA7008836FA /* FBSDKShareKit.framework */,
				1482A8D71EBB190E002A0010 /* AddressBook.framework */,
				1482A8D81EBB190E002A0010 /* AddressBookUI.framework */,
			);
			name = Frameworks;
			sourceTree = "<group>";
		};
		14CD7EC01EB0244D00A460D8 /* Navigation */ = {
			isa = PBXGroup;
			children = (
				1479E7EA1EC137B4008836FA /* CBANavigation.h */,
				1479E7EB1EC137B4008836FA /* CBANavigation.m */,
				1479E7ED1EC137C0008836FA /* Table with database */,
				14CD7F391EB2AAA100A460D8 /* VK web page */,
				1479E7E91EC1342C008836FA /* FB web page */,
			);
			name = Navigation;
			sourceTree = "<group>";
		};
		14CD7F201EB2533900A460D8 /* Contact */ = {
			isa = PBXGroup;
			children = (
				14CD7F141EB2533200A460D8 /* CBAContact.h */,
				14CD7F151EB2533200A460D8 /* CBAContact.m */,
			);
			name = Contact;
			sourceTree = "<group>";
		};
		14CD7F211EB2534400A460D8 /* ContactList */ = {
			isa = PBXGroup;
			children = (
				14CD7F161EB2533200A460D8 /* CBAContactList.h */,
				14CD7F171EB2533200A460D8 /* CBAContactList.m */,
			);
			name = ContactList;
			sourceTree = "<group>";
		};
		14CD7F221EB2535000A460D8 /* DataBase */ = {
			isa = PBXGroup;
			children = (
				14CD7F181EB2533200A460D8 /* contacts.json */,
				14CD7F191EB2533200A460D8 /* CBADataBaseDriver.h */,
				1479E7DA1EC0EB88008836FA /* JSON parser */,
				1479E7D91EC0EB7D008836FA /* VK */,
				1479E7D81EC0EB65008836FA /* Simple JSON */,
				1479E7D71EC0EB4F008836FA /* Device contacts */,
				1479E7EE1EC47A0F008836FA /* Facebook */,
			);
			name = DataBase;
			sourceTree = "<group>";
		};
		14CD7F231EB2536300A460D8 /* Model */ = {
			isa = PBXGroup;
			children = (
				14CD7F201EB2533900A460D8 /* Contact */,
				14CD7F211EB2534400A460D8 /* ContactList */,
				14CD7F221EB2535000A460D8 /* DataBase */,
			);
			name = Model;
			sourceTree = "<group>";
		};
		14CD7F341EB277CF00A460D8 /* Cell */ = {
			isa = PBXGroup;
			children = (
				0489EAC91EAFB51B00BB4820 /* CBACell.h */,
				0489EACA1EAFB51B00BB4820 /* CBACell.m */,
				14CD7F351EB2780200A460D8 /* CBAImage.h */,
				14CD7F361EB2780200A460D8 /* CBAImage.m */,
			);
			name = Cell;
			sourceTree = "<group>";
		};
		14CD7F381EB2AA7F00A460D8 /* Detail Information */ = {
			isa = PBXGroup;
			children = (
				0489EACC1EAFCC5200BB4820 /* DetailInformation.h */,
				0489EACD1EAFCC5200BB4820 /* DetailInformation.m */,
			);
			name = "Detail Information";
			sourceTree = "<group>";
		};
		14CD7F391EB2AAA100A460D8 /* VK web page */ = {
			isa = PBXGroup;
			children = (
				14CD7F311EB271EC00A460D8 /* VKVMainViewController.h */,
				14CD7F321EB271EC00A460D8 /* VKVMainViewController.m */,
			);
			name = "VK web page";
			sourceTree = "<group>";
		};
		14CD7F3A1EB2AACD00A460D8 /* View */ = {
			isa = PBXGroup;
			children = (
				0489EAA31EAFB03400BB4820 /* AppDelegate.h */,
				0489EAA41EAFB03400BB4820 /* AppDelegate.m */,
				14CD7EC01EB0244D00A460D8 /* Navigation */,
				14CD7F341EB277CF00A460D8 /* Cell */,
				14CD7F381EB2AA7F00A460D8 /* Detail Information */,
			);
			name = View;
			sourceTree = "<group>";
		};
/* End PBXGroup section */

/* Begin PBXNativeTarget section */
		0489EA9C1EAFB03400BB4820 /* ContactsBook */ = {
			isa = PBXNativeTarget;
			buildConfigurationList = 0489EABF1EAFB03400BB4820 /* Build configuration list for PBXNativeTarget "ContactsBook" */;
			buildPhases = (
				0489EA991EAFB03400BB4820 /* Sources */,
				0489EA9A1EAFB03400BB4820 /* Frameworks */,
				0489EA9B1EAFB03400BB4820 /* Resources */,
				0489EAC81EAFB0C800BB4820 /* Embed Frameworks */,
			);
			buildRules = (
			);
			dependencies = (
			);
			name = ContactsBook;
			productName = ContactsBook;
			productReference = 0489EA9D1EAFB03400BB4820 /* ContactsBook.app */;
			productType = "com.apple.product-type.application";
		};
		0489EAB51EAFB03400BB4820 /* ContactsBookTests */ = {
			isa = PBXNativeTarget;
			buildConfigurationList = 0489EAC21EAFB03400BB4820 /* Build configuration list for PBXNativeTarget "ContactsBookTests" */;
			buildPhases = (
				0489EAB21EAFB03400BB4820 /* Sources */,
				0489EAB31EAFB03400BB4820 /* Frameworks */,
				0489EAB41EAFB03400BB4820 /* Resources */,
			);
			buildRules = (
			);
			dependencies = (
				0489EAB81EAFB03400BB4820 /* PBXTargetDependency */,
			);
			name = ContactsBookTests;
			productName = ContactsBookTests;
			productReference = 0489EAB61EAFB03400BB4820 /* ContactsBookTests.xctest */;
			productType = "com.apple.product-type.bundle.unit-test";
		};
/* End PBXNativeTarget section */

/* Begin PBXProject section */
		0489EA951EAFB03400BB4820 /* Project object */ = {
			isa = PBXProject;
			attributes = {
				LastUpgradeCheck = 0820;
				ORGANIZATIONNAME = "iOS-School-1";
				TargetAttributes = {
					0489EA9C1EAFB03400BB4820 = {
						CreatedOnToolsVersion = 8.2.1;
						DevelopmentTeam = Q4LCPSKEPX;
						ProvisioningStyle = Automatic;
					};
					0489EAB51EAFB03400BB4820 = {
						CreatedOnToolsVersion = 8.2.1;
						ProvisioningStyle = Automatic;
						TestTargetID = 0489EA9C1EAFB03400BB4820;
					};
				};
			};
			buildConfigurationList = 0489EA981EAFB03400BB4820 /* Build configuration list for PBXProject "ContactsBook" */;
			compatibilityVersion = "Xcode 3.2";
			developmentRegion = English;
			hasScannedForEncodings = 0;
			knownRegions = (
				en,
				Base,
			);
			mainGroup = 0489EA941EAFB03400BB4820;
			productRefGroup = 0489EA9E1EAFB03400BB4820 /* Products */;
			projectDirPath = "";
			projectRoot = "";
			targets = (
				0489EA9C1EAFB03400BB4820 /* ContactsBook */,
				0489EAB51EAFB03400BB4820 /* ContactsBookTests */,
			);
		};
/* End PBXProject section */

/* Begin PBXResourcesBuildPhase section */
		0489EA9B1EAFB03400BB4820 /* Resources */ = {
			isa = PBXResourcesBuildPhase;
			buildActionMask = 2147483647;
			files = (
				14CD7F1E1EB2533200A460D8 /* contacts.json in Resources */,
				0489EAB01EAFB03400BB4820 /* LaunchScreen.storyboard in Resources */,
				0489EAAD1EAFB03400BB4820 /* Assets.xcassets in Resources */,
				0489EAAB1EAFB03400BB4820 /* Main.storyboard in Resources */,
			);
			runOnlyForDeploymentPostprocessing = 0;
		};
		0489EAB41EAFB03400BB4820 /* Resources */ = {
			isa = PBXResourcesBuildPhase;
			buildActionMask = 2147483647;
			files = (
			);
			runOnlyForDeploymentPostprocessing = 0;
		};
/* End PBXResourcesBuildPhase section */

/* Begin PBXSourcesBuildPhase section */
		0489EA991EAFB03400BB4820 /* Sources */ = {
			isa = PBXSourcesBuildPhase;
			buildActionMask = 2147483647;
			files = (
				1479E7EC1EC137B4008836FA /* CBANavigation.m in Sources */,
				0489EAA81EAFB03400BB4820 /* ViewController.m in Sources */,
				14CD7F1F1EB2533200A460D8 /* CBAJsonDataBase.m in Sources */,
				1482A8DD1EBB1A74002A0010 /* CBAContactsBookDataBase.m in Sources */,
				14CD7F371EB2780200A460D8 /* CBAImage.m in Sources */,
				14CD7F1D1EB2533200A460D8 /* CBAContactList.m in Sources */,
				0489EACB1EAFB51B00BB4820 /* CBACell.m in Sources */,
				0489EAA51EAFB03400BB4820 /* AppDelegate.m in Sources */,
				14CD7F331EB271EC00A460D8 /* VKVMainViewController.m in Sources */,
				14CD7F1C1EB2533200A460D8 /* CBAContact.m in Sources */,
				1479E7E81EC133FF008836FA /* CBAFaceBookViewController.m in Sources */,
				14CD7F301EB26DC100A460D8 /* CBANetworkDataBase.m in Sources */,
				0489EACE1EAFCC5200BB4820 /* DetailInformation.m in Sources */,
				1479E7DD1EC0F056008836FA /* CBAFacebookDataBase.m in Sources */,
				14CD7F3D1EB2AF4B00A460D8 /* CBAPathFileJsonDataBase.m in Sources */,
				0489EAA21EAFB03400BB4820 /* main.m in Sources */,
			);
			runOnlyForDeploymentPostprocessing = 0;
		};
		0489EAB21EAFB03400BB4820 /* Sources */ = {
			isa = PBXSourcesBuildPhase;
			buildActionMask = 2147483647;
			files = (
				0489EABB1EAFB03400BB4820 /* ContactsBookTests.m in Sources */,
			);
			runOnlyForDeploymentPostprocessing = 0;
		};
/* End PBXSourcesBuildPhase section */

/* Begin PBXTargetDependency section */
		0489EAB81EAFB03400BB4820 /* PBXTargetDependency */ = {
			isa = PBXTargetDependency;
			target = 0489EA9C1EAFB03400BB4820 /* ContactsBook */;
			targetProxy = 0489EAB71EAFB03400BB4820 /* PBXContainerItemProxy */;
		};
/* End PBXTargetDependency section */

/* Begin PBXVariantGroup section */
		0489EAA91EAFB03400BB4820 /* Main.storyboard */ = {
			isa = PBXVariantGroup;
			children = (
				0489EAAA1EAFB03400BB4820 /* Base */,
			);
			name = Main.storyboard;
			sourceTree = "<group>";
		};
		0489EAAE1EAFB03400BB4820 /* LaunchScreen.storyboard */ = {
			isa = PBXVariantGroup;
			children = (
				0489EAAF1EAFB03400BB4820 /* Base */,
			);
			name = LaunchScreen.storyboard;
			sourceTree = "<group>";
		};
/* End PBXVariantGroup section */

/* Begin XCBuildConfiguration section */
		0489EABD1EAFB03400BB4820 /* Debug */ = {
			isa = XCBuildConfiguration;
			buildSettings = {
				ALWAYS_SEARCH_USER_PATHS = NO;
				CLANG_ANALYZER_NONNULL = YES;
				CLANG_CXX_LANGUAGE_STANDARD = "gnu++0x";
				CLANG_CXX_LIBRARY = "libc++";
				CLANG_ENABLE_MODULES = YES;
				CLANG_ENABLE_OBJC_ARC = YES;
				CLANG_WARN_BOOL_CONVERSION = YES;
				CLANG_WARN_CONSTANT_CONVERSION = YES;
				CLANG_WARN_DIRECT_OBJC_ISA_USAGE = YES_ERROR;
				CLANG_WARN_DOCUMENTATION_COMMENTS = YES;
				CLANG_WARN_EMPTY_BODY = YES;
				CLANG_WARN_ENUM_CONVERSION = YES;
				CLANG_WARN_INFINITE_RECURSION = YES;
				CLANG_WARN_INT_CONVERSION = YES;
				CLANG_WARN_OBJC_ROOT_CLASS = YES_ERROR;
				CLANG_WARN_SUSPICIOUS_MOVE = YES;
				CLANG_WARN_UNREACHABLE_CODE = YES;
				CLANG_WARN__DUPLICATE_METHOD_MATCH = YES;
				"CODE_SIGN_IDENTITY[sdk=iphoneos*]" = "iPhone Developer";
				COPY_PHASE_STRIP = NO;
				DEBUG_INFORMATION_FORMAT = dwarf;
				ENABLE_STRICT_OBJC_MSGSEND = YES;
				ENABLE_TESTABILITY = YES;
				GCC_C_LANGUAGE_STANDARD = gnu99;
				GCC_DYNAMIC_NO_PIC = NO;
				GCC_NO_COMMON_BLOCKS = YES;
				GCC_OPTIMIZATION_LEVEL = 0;
				GCC_PREPROCESSOR_DEFINITIONS = (
					"DEBUG=1",
					"$(inherited)",
				);
				GCC_WARN_64_TO_32_BIT_CONVERSION = YES;
				GCC_WARN_ABOUT_RETURN_TYPE = YES_ERROR;
				GCC_WARN_UNDECLARED_SELECTOR = YES;
				GCC_WARN_UNINITIALIZED_AUTOS = YES_AGGRESSIVE;
				GCC_WARN_UNUSED_FUNCTION = YES;
				GCC_WARN_UNUSED_VARIABLE = YES;
				IPHONEOS_DEPLOYMENT_TARGET = 10.2;
				MTL_ENABLE_DEBUG_INFO = YES;
				ONLY_ACTIVE_ARCH = YES;
				SDKROOT = iphoneos;
				TARGETED_DEVICE_FAMILY = "1,2";
			};
			name = Debug;
		};
		0489EABE1EAFB03400BB4820 /* Release */ = {
			isa = XCBuildConfiguration;
			buildSettings = {
				ALWAYS_SEARCH_USER_PATHS = NO;
				CLANG_ANALYZER_NONNULL = YES;
				CLANG_CXX_LANGUAGE_STANDARD = "gnu++0x";
				CLANG_CXX_LIBRARY = "libc++";
				CLANG_ENABLE_MODULES = YES;
				CLANG_ENABLE_OBJC_ARC = YES;
				CLANG_WARN_BOOL_CONVERSION = YES;
				CLANG_WARN_CONSTANT_CONVERSION = YES;
				CLANG_WARN_DIRECT_OBJC_ISA_USAGE = YES_ERROR;
				CLANG_WARN_DOCUMENTATION_COMMENTS = YES;
				CLANG_WARN_EMPTY_BODY = YES;
				CLANG_WARN_ENUM_CONVERSION = YES;
				CLANG_WARN_INFINITE_RECURSION = YES;
				CLANG_WARN_INT_CONVERSION = YES;
				CLANG_WARN_OBJC_ROOT_CLASS = YES_ERROR;
				CLANG_WARN_SUSPICIOUS_MOVE = YES;
				CLANG_WARN_UNREACHABLE_CODE = YES;
				CLANG_WARN__DUPLICATE_METHOD_MATCH = YES;
				"CODE_SIGN_IDENTITY[sdk=iphoneos*]" = "iPhone Developer";
				COPY_PHASE_STRIP = NO;
				DEBUG_INFORMATION_FORMAT = "dwarf-with-dsym";
				ENABLE_NS_ASSERTIONS = NO;
				ENABLE_STRICT_OBJC_MSGSEND = YES;
				GCC_C_LANGUAGE_STANDARD = gnu99;
				GCC_NO_COMMON_BLOCKS = YES;
				GCC_WARN_64_TO_32_BIT_CONVERSION = YES;
				GCC_WARN_ABOUT_RETURN_TYPE = YES_ERROR;
				GCC_WARN_UNDECLARED_SELECTOR = YES;
				GCC_WARN_UNINITIALIZED_AUTOS = YES_AGGRESSIVE;
				GCC_WARN_UNUSED_FUNCTION = YES;
				GCC_WARN_UNUSED_VARIABLE = YES;
				IPHONEOS_DEPLOYMENT_TARGET = 10.2;
				MTL_ENABLE_DEBUG_INFO = NO;
				SDKROOT = iphoneos;
				TARGETED_DEVICE_FAMILY = "1,2";
				VALIDATE_PRODUCT = YES;
			};
			name = Release;
		};
		0489EAC01EAFB03400BB4820 /* Debug */ = {
			isa = XCBuildConfiguration;
			buildSettings = {
				ASSETCATALOG_COMPILER_APPICON_NAME = AppIcon;
				DEVELOPMENT_TEAM = Q4LCPSKEPX;
				FRAMEWORK_SEARCH_PATHS = (
					"$(inherited)",
					"$(PROJECT_DIR)",
				);
				INFOPLIST_FILE = ContactsBook/Info.plist;
				IPHONEOS_DEPLOYMENT_TARGET = 8.0;
				LD_RUNPATH_SEARCH_PATHS = "$(inherited) @executable_path/Frameworks";
				PRODUCT_BUNDLE_IDENTIFIER = ru.zvyaginaMarina.ContactsBook;
				PRODUCT_NAME = "$(TARGET_NAME)";
			};
			name = Debug;
		};
		0489EAC11EAFB03400BB4820 /* Release */ = {
			isa = XCBuildConfiguration;
			buildSettings = {
				ASSETCATALOG_COMPILER_APPICON_NAME = AppIcon;
				DEVELOPMENT_TEAM = Q4LCPSKEPX;
				FRAMEWORK_SEARCH_PATHS = (
					"$(inherited)",
					"$(PROJECT_DIR)",
				);
				INFOPLIST_FILE = ContactsBook/Info.plist;
				IPHONEOS_DEPLOYMENT_TARGET = 8.0;
				LD_RUNPATH_SEARCH_PATHS = "$(inherited) @executable_path/Frameworks";
				PRODUCT_BUNDLE_IDENTIFIER = ru.zvyaginaMarina.ContactsBook;
				PRODUCT_NAME = "$(TARGET_NAME)";
			};
			name = Release;
		};
		0489EAC31EAFB03400BB4820 /* Debug */ = {
			isa = XCBuildConfiguration;
			buildSettings = {
				BUNDLE_LOADER = "$(TEST_HOST)";
				INFOPLIST_FILE = ContactsBookTests/Info.plist;
				LD_RUNPATH_SEARCH_PATHS = "$(inherited) @executable_path/Frameworks @loader_path/Frameworks";
				PRODUCT_BUNDLE_IDENTIFIER = ru.zvyaginaMarina.ContactsBookTests;
				PRODUCT_NAME = "$(TARGET_NAME)";
				TEST_HOST = "$(BUILT_PRODUCTS_DIR)/ContactsBook.app/ContactsBook";
			};
			name = Debug;
		};
		0489EAC41EAFB03400BB4820 /* Release */ = {
			isa = XCBuildConfiguration;
			buildSettings = {
				BUNDLE_LOADER = "$(TEST_HOST)";
				INFOPLIST_FILE = ContactsBookTests/Info.plist;
				LD_RUNPATH_SEARCH_PATHS = "$(inherited) @executable_path/Frameworks @loader_path/Frameworks";
				PRODUCT_BUNDLE_IDENTIFIER = ru.zvyaginaMarina.ContactsBookTests;
				PRODUCT_NAME = "$(TARGET_NAME)";
				TEST_HOST = "$(BUILT_PRODUCTS_DIR)/ContactsBook.app/ContactsBook";
			};
			name = Release;
		};
/* End XCBuildConfiguration section */

/* Begin XCConfigurationList section */
		0489EA981EAFB03400BB4820 /* Build configuration list for PBXProject "ContactsBook" */ = {
			isa = XCConfigurationList;
			buildConfigurations = (
				0489EABD1EAFB03400BB4820 /* Debug */,
				0489EABE1EAFB03400BB4820 /* Release */,
			);
			defaultConfigurationIsVisible = 0;
			defaultConfigurationName = Release;
		};
		0489EABF1EAFB03400BB4820 /* Build configuration list for PBXNativeTarget "ContactsBook" */ = {
			isa = XCConfigurationList;
			buildConfigurations = (
				0489EAC01EAFB03400BB4820 /* Debug */,
				0489EAC11EAFB03400BB4820 /* Release */,
			);
			defaultConfigurationIsVisible = 0;
			defaultConfigurationName = Release;
		};
		0489EAC21EAFB03400BB4820 /* Build configuration list for PBXNativeTarget "ContactsBookTests" */ = {
			isa = XCConfigurationList;
			buildConfigurations = (
				0489EAC31EAFB03400BB4820 /* Debug */,
				0489EAC41EAFB03400BB4820 /* Release */,
			);
			defaultConfigurationIsVisible = 0;
			defaultConfigurationName = Release;
		};
/* End XCConfigurationList section */
	};
	rootObject = 0489EA951EAFB03400BB4820 /* Project object */;
}
